// !$*UTF8*$!
{
	archiveVersion = 1;
	classes = {
	};
	objectVersion = 48;
	objects = {

/* Begin PBXBuildFile section */
		271A80211FC9B60C00C2BF34 /* AddGoalViewController.swift in Sources */ = {isa = PBXBuildFile; fileRef = 271A80201FC9B60C00C2BF34 /* AddGoalViewController.swift */; };
		271A80231FC9C91900C2BF34 /* Assets.xcassets in Resources */ = {isa = PBXBuildFile; fileRef = 271A80221FC9C91900C2BF34 /* Assets.xcassets */; };
		271A80261FC9CD7100C2BF34 /* SettingsViewController.swift in Sources */ = {isa = PBXBuildFile; fileRef = 271A80251FC9CD7100C2BF34 /* SettingsViewController.swift */; };
		271A802A1FC9E6D900C2BF34 /* Constants.swift in Sources */ = {isa = PBXBuildFile; fileRef = 271A80291FC9E6D900C2BF34 /* Constants.swift */; };
		271A802C1FC9E79900C2BF34 /* Settings.swift in Sources */ = {isa = PBXBuildFile; fileRef = 271A802B1FC9E79900C2BF34 /* Settings.swift */; };
		271C39A31FC9980300723C14 /* UITableViewController.swift in Sources */ = {isa = PBXBuildFile; fileRef = 271C39A21FC9980300723C14 /* UITableViewController.swift */; };
		271C39A61FC99D6600723C14 /* CoreDataManager.swift in Sources */ = {isa = PBXBuildFile; fileRef = 271C39A51FC99D6600723C14 /* CoreDataManager.swift */; };
		272FD9321FC9B13100AE39D4 /* GoalsTableViewCell.swift in Sources */ = {isa = PBXBuildFile; fileRef = 272FD9311FC9B13100AE39D4 /* GoalsTableViewCell.swift */; };
		27C849F11FC87B3200B84DC4 /* AppDelegate.swift in Sources */ = {isa = PBXBuildFile; fileRef = 27C849F01FC87B3200B84DC4 /* AppDelegate.swift */; };
		27C849F31FC87B3200B84DC4 /* ViewController.swift in Sources */ = {isa = PBXBuildFile; fileRef = 27C849F21FC87B3200B84DC4 /* ViewController.swift */; };
		27C849F61FC87B3200B84DC4 /* Main.storyboard in Resources */ = {isa = PBXBuildFile; fileRef = 27C849F41FC87B3200B84DC4 /* Main.storyboard */; };
		27C849F91FC87B3200B84DC4 /* CalSum.xcdatamodeld in Sources */ = {isa = PBXBuildFile; fileRef = 27C849F71FC87B3200B84DC4 /* CalSum.xcdatamodeld */; };
		27C849FE1FC87B3200B84DC4 /* LaunchScreen.storyboard in Resources */ = {isa = PBXBuildFile; fileRef = 27C849FC1FC87B3200B84DC4 /* LaunchScreen.storyboard */; };
		27C84A081FC87CB300B84DC4 /* CalendarsTableViewController.swift in Sources */ = {isa = PBXBuildFile; fileRef = 27C84A071FC87CB300B84DC4 /* CalendarsTableViewController.swift */; };
		27C84A0A1FC87D0E00B84DC4 /* CalendarTableViewCell.swift in Sources */ = {isa = PBXBuildFile; fileRef = 27C84A091FC87D0E00B84DC4 /* CalendarTableViewCell.swift */; };
		27C84A0D1FC8918600B84DC4 /* GoalsTableViewController.swift in Sources */ = {isa = PBXBuildFile; fileRef = 27C84A0C1FC8918600B84DC4 /* GoalsTableViewController.swift */; };
		27C84A121FC8E25200B84DC4 /* Calendar.swift in Sources */ = {isa = PBXBuildFile; fileRef = 27C84A111FC8E25200B84DC4 /* Calendar.swift */; };
		4520441250BE821058C42856 /* Pods_CalSum.framework in Frameworks */ = {isa = PBXBuildFile; fileRef = 627F6F155883FBCC7EB59C35 /* Pods_CalSum.framework */; };
/* End PBXBuildFile section */

/* Begin PBXFileReference section */
		271A80201FC9B60C00C2BF34 /* AddGoalViewController.swift */ = {isa = PBXFileReference; lastKnownFileType = sourcecode.swift; path = AddGoalViewController.swift; sourceTree = "<group>"; };
		271A80221FC9C91900C2BF34 /* Assets.xcassets */ = {isa = PBXFileReference; lastKnownFileType = folder.assetcatalog; path = Assets.xcassets; sourceTree = "<group>"; };
		271A80251FC9CD7100C2BF34 /* SettingsViewController.swift */ = {isa = PBXFileReference; lastKnownFileType = sourcecode.swift; path = SettingsViewController.swift; sourceTree = "<group>"; };
		271A80291FC9E6D900C2BF34 /* Constants.swift */ = {isa = PBXFileReference; lastKnownFileType = sourcecode.swift; path = Constants.swift; sourceTree = "<group>"; };
		271A802B1FC9E79900C2BF34 /* Settings.swift */ = {isa = PBXFileReference; lastKnownFileType = sourcecode.swift; path = Settings.swift; sourceTree = "<group>"; };
		271C39A21FC9980300723C14 /* UITableViewController.swift */ = {isa = PBXFileReference; lastKnownFileType = sourcecode.swift; path = UITableViewController.swift; sourceTree = "<group>"; };
		271C39A51FC99D6600723C14 /* CoreDataManager.swift */ = {isa = PBXFileReference; lastKnownFileType = sourcecode.swift; path = CoreDataManager.swift; sourceTree = "<group>"; };
		272FD9311FC9B13100AE39D4 /* GoalsTableViewCell.swift */ = {isa = PBXFileReference; lastKnownFileType = sourcecode.swift; path = GoalsTableViewCell.swift; sourceTree = "<group>"; };
		27C849ED1FC87B3200B84DC4 /* CalSum.app */ = {isa = PBXFileReference; explicitFileType = wrapper.application; includeInIndex = 0; path = CalSum.app; sourceTree = BUILT_PRODUCTS_DIR; };
		27C849F01FC87B3200B84DC4 /* AppDelegate.swift */ = {isa = PBXFileReference; lastKnownFileType = sourcecode.swift; path = AppDelegate.swift; sourceTree = "<group>"; };
		27C849F21FC87B3200B84DC4 /* ViewController.swift */ = {isa = PBXFileReference; lastKnownFileType = sourcecode.swift; path = ViewController.swift; sourceTree = "<group>"; };
		27C849F51FC87B3200B84DC4 /* Base */ = {isa = PBXFileReference; lastKnownFileType = file.storyboard; name = Base; path = Base.lproj/Main.storyboard; sourceTree = "<group>"; };
		27C849F81FC87B3200B84DC4 /* CalSum.xcdatamodel */ = {isa = PBXFileReference; lastKnownFileType = wrapper.xcdatamodel; path = CalSum.xcdatamodel; sourceTree = "<group>"; };
		27C849FD1FC87B3200B84DC4 /* Base */ = {isa = PBXFileReference; lastKnownFileType = file.storyboard; name = Base; path = Base.lproj/LaunchScreen.storyboard; sourceTree = "<group>"; };
		27C849FF1FC87B3200B84DC4 /* Info.plist */ = {isa = PBXFileReference; lastKnownFileType = text.plist.xml; path = Info.plist; sourceTree = "<group>"; };
		27C84A071FC87CB300B84DC4 /* CalendarsTableViewController.swift */ = {isa = PBXFileReference; lastKnownFileType = sourcecode.swift; path = CalendarsTableViewController.swift; sourceTree = "<group>"; };
		27C84A091FC87D0E00B84DC4 /* CalendarTableViewCell.swift */ = {isa = PBXFileReference; lastKnownFileType = sourcecode.swift; path = CalendarTableViewCell.swift; sourceTree = "<group>"; };
		27C84A0C1FC8918600B84DC4 /* GoalsTableViewController.swift */ = {isa = PBXFileReference; lastKnownFileType = sourcecode.swift; path = GoalsTableViewController.swift; sourceTree = "<group>"; };
		27C84A111FC8E25200B84DC4 /* Calendar.swift */ = {isa = PBXFileReference; lastKnownFileType = sourcecode.swift; path = Calendar.swift; sourceTree = "<group>"; };
		627F6F155883FBCC7EB59C35 /* Pods_CalSum.framework */ = {isa = PBXFileReference; explicitFileType = wrapper.framework; includeInIndex = 0; path = Pods_CalSum.framework; sourceTree = BUILT_PRODUCTS_DIR; };
		A8B6BF00B75A9A53C8B8A436 /* Pods-CalSum.debug.xcconfig */ = {isa = PBXFileReference; includeInIndex = 1; lastKnownFileType = text.xcconfig; name = "Pods-CalSum.debug.xcconfig"; path = "Pods/Target Support Files/Pods-CalSum/Pods-CalSum.debug.xcconfig"; sourceTree = "<group>"; };
		A9CD9C25041735BC6A8F8B82 /* Pods-CalSum.release.xcconfig */ = {isa = PBXFileReference; includeInIndex = 1; lastKnownFileType = text.xcconfig; name = "Pods-CalSum.release.xcconfig"; path = "Pods/Target Support Files/Pods-CalSum/Pods-CalSum.release.xcconfig"; sourceTree = "<group>"; };
/* End PBXFileReference section */

/* Begin PBXFrameworksBuildPhase section */
		27C849EA1FC87B3200B84DC4 /* Frameworks */ = {
			isa = PBXFrameworksBuildPhase;
			buildActionMask = 2147483647;
			files = (
				4520441250BE821058C42856 /* Pods_CalSum.framework in Frameworks */,
			);
			runOnlyForDeploymentPostprocessing = 0;
		};
/* End PBXFrameworksBuildPhase section */

/* Begin PBXGroup section */
		2137A23348F42D9B5F62B541 /* Frameworks */ = {
			isa = PBXGroup;
			children = (
				627F6F155883FBCC7EB59C35 /* Pods_CalSum.framework */,
			);
			name = Frameworks;
			sourceTree = "<group>";
		};
		271A801F1FC9B5DF00C2BF34 /* AddGoal */ = {
			isa = PBXGroup;
			children = (
				271A80201FC9B60C00C2BF34 /* AddGoalViewController.swift */,
			);
			path = AddGoal;
			sourceTree = "<group>";
		};
		271A80241FC9CCDC00C2BF34 /* Settings */ = {
			isa = PBXGroup;
			children = (
				271A80251FC9CD7100C2BF34 /* SettingsViewController.swift */,
				271A802B1FC9E79900C2BF34 /* Settings.swift */,
			);
			path = Settings;
			sourceTree = "<group>";
		};
		271C39A11FC997E800723C14 /* UIElements */ = {
			isa = PBXGroup;
			children = (
				271C39A21FC9980300723C14 /* UITableViewController.swift */,
			);
			path = UIElements;
			sourceTree = "<group>";
		};
		271C39A41FC99D5200723C14 /* Managers */ = {
			isa = PBXGroup;
			children = (
				271C39A51FC99D6600723C14 /* CoreDataManager.swift */,
			);
			path = Managers;
			sourceTree = "<group>";
		};
		27C849E41FC87B3200B84DC4 = {
			isa = PBXGroup;
			children = (
				27C849EF1FC87B3200B84DC4 /* CalSum */,
				27C849EE1FC87B3200B84DC4 /* Products */,
				9CCA600BC147D981869E76B3 /* Pods */,
				2137A23348F42D9B5F62B541 /* Frameworks */,
			);
			sourceTree = "<group>";
		};
		27C849EE1FC87B3200B84DC4 /* Products */ = {
			isa = PBXGroup;
			children = (
				27C849ED1FC87B3200B84DC4 /* CalSum.app */,
			);
			name = Products;
			sourceTree = "<group>";
		};
		27C849EF1FC87B3200B84DC4 /* CalSum */ = {
			isa = PBXGroup;
			children = (
				271A80241FC9CCDC00C2BF34 /* Settings */,
				271A801F1FC9B5DF00C2BF34 /* AddGoal */,
				271C39A41FC99D5200723C14 /* Managers */,
				271C39A11FC997E800723C14 /* UIElements */,
				27C84A0E1FC8E23700B84DC4 /* Models */,
				27C84A0B1FC88A8300B84DC4 /* Goals */,
				27C84A061FC87C9900B84DC4 /* Calendars */,
				27C84A051FC87B4D00B84DC4 /* Supporting files */,
				27C849F21FC87B3200B84DC4 /* ViewController.swift */,
				27C849F71FC87B3200B84DC4 /* CalSum.xcdatamodeld */,
				27C849F41FC87B3200B84DC4 /* Main.storyboard */,
				27C849FF1FC87B3200B84DC4 /* Info.plist */,
				271A80291FC9E6D900C2BF34 /* Constants.swift */,
			);
			path = CalSum;
			sourceTree = "<group>";
		};
		27C84A051FC87B4D00B84DC4 /* Supporting files */ = {
			isa = PBXGroup;
			children = (
				271A80221FC9C91900C2BF34 /* Assets.xcassets */,
				27C849F01FC87B3200B84DC4 /* AppDelegate.swift */,
				27C849FC1FC87B3200B84DC4 /* LaunchScreen.storyboard */,
			);
			path = "Supporting files";
			sourceTree = "<group>";
		};
		27C84A061FC87C9900B84DC4 /* Calendars */ = {
			isa = PBXGroup;
			children = (
				27C84A071FC87CB300B84DC4 /* CalendarsTableViewController.swift */,
				27C84A091FC87D0E00B84DC4 /* CalendarTableViewCell.swift */,
			);
			path = Calendars;
			sourceTree = "<group>";
		};
		27C84A0B1FC88A8300B84DC4 /* Goals */ = {
			isa = PBXGroup;
			children = (
				27C84A0C1FC8918600B84DC4 /* GoalsTableViewController.swift */,
				272FD9311FC9B13100AE39D4 /* GoalsTableViewCell.swift */,
			);
			path = Goals;
			sourceTree = "<group>";
		};
		27C84A0E1FC8E23700B84DC4 /* Models */ = {
			isa = PBXGroup;
			children = (
				27C84A111FC8E25200B84DC4 /* Calendar.swift */,
			);
			path = Models;
			sourceTree = "<group>";
		};
		9CCA600BC147D981869E76B3 /* Pods */ = {
			isa = PBXGroup;
			children = (
				A8B6BF00B75A9A53C8B8A436 /* Pods-CalSum.debug.xcconfig */,
				A9CD9C25041735BC6A8F8B82 /* Pods-CalSum.release.xcconfig */,
			);
			name = Pods;
			sourceTree = "<group>";
		};
/* End PBXGroup section */

/* Begin PBXNativeTarget section */
		27C849EC1FC87B3200B84DC4 /* CalSum */ = {
			isa = PBXNativeTarget;
			buildConfigurationList = 27C84A021FC87B3200B84DC4 /* Build configuration list for PBXNativeTarget "CalSum" */;
			buildPhases = (
				C453C04697CA735E1401F402 /* [CP] Check Pods Manifest.lock */,
				27C849E91FC87B3200B84DC4 /* Sources */,
				27C849EA1FC87B3200B84DC4 /* Frameworks */,
				27C849EB1FC87B3200B84DC4 /* Resources */,
				284B8BD2D8E2CC89487BBCBF /* [CP] Embed Pods Frameworks */,
				D1725D6C2CA5A9F2514905AE /* [CP] Copy Pods Resources */,
			);
			buildRules = (
			);
			dependencies = (
			);
			name = CalSum;
			productName = CalSum;
			productReference = 27C849ED1FC87B3200B84DC4 /* CalSum.app */;
			productType = "com.apple.product-type.application";
		};
/* End PBXNativeTarget section */

/* Begin PBXProject section */
		27C849E51FC87B3200B84DC4 /* Project object */ = {
			isa = PBXProject;
			attributes = {
				LastSwiftUpdateCheck = 0910;
				LastUpgradeCheck = 0910;
				ORGANIZATIONNAME = "Iain Munro";
				TargetAttributes = {
					27C849EC1FC87B3200B84DC4 = {
						CreatedOnToolsVersion = 9.1;
						ProvisioningStyle = Automatic;
					};
				};
			};
			buildConfigurationList = 27C849E81FC87B3200B84DC4 /* Build configuration list for PBXProject "CalSum" */;
			compatibilityVersion = "Xcode 8.0";
			developmentRegion = en;
			hasScannedForEncodings = 0;
			knownRegions = (
				en,
				Base,
			);
			mainGroup = 27C849E41FC87B3200B84DC4;
			productRefGroup = 27C849EE1FC87B3200B84DC4 /* Products */;
			projectDirPath = "";
			projectRoot = "";
			targets = (
				27C849EC1FC87B3200B84DC4 /* CalSum */,
			);
		};
/* End PBXProject section */

/* Begin PBXResourcesBuildPhase section */
		27C849EB1FC87B3200B84DC4 /* Resources */ = {
			isa = PBXResourcesBuildPhase;
			buildActionMask = 2147483647;
			files = (
				27C849FE1FC87B3200B84DC4 /* LaunchScreen.storyboard in Resources */,
				271A80231FC9C91900C2BF34 /* Assets.xcassets in Resources */,
				27C849F61FC87B3200B84DC4 /* Main.storyboard in Resources */,
			);
			runOnlyForDeploymentPostprocessing = 0;
		};
/* End PBXResourcesBuildPhase section */

/* Begin PBXShellScriptBuildPhase section */
		284B8BD2D8E2CC89487BBCBF /* [CP] Embed Pods Frameworks */ = {
			isa = PBXShellScriptBuildPhase;
			buildActionMask = 2147483647;
			files = (
			);
			inputPaths = (
				"${SRCROOT}/Pods/Target Support Files/Pods-CalSum/Pods-CalSum-frameworks.sh",
				"${BUILT_PRODUCTS_DIR}/Eureka/Eureka.framework",
			);
			name = "[CP] Embed Pods Frameworks";
			outputPaths = (
				"${TARGET_BUILD_DIR}/${FRAMEWORKS_FOLDER_PATH}/Eureka.framework",
			);
			runOnlyForDeploymentPostprocessing = 0;
			shellPath = /bin/sh;
			shellScript = "\"${SRCROOT}/Pods/Target Support Files/Pods-CalSum/Pods-CalSum-frameworks.sh\"\n";
			showEnvVarsInLog = 0;
		};
		C453C04697CA735E1401F402 /* [CP] Check Pods Manifest.lock */ = {
			isa = PBXShellScriptBuildPhase;
			buildActionMask = 2147483647;
			files = (
			);
			inputPaths = (
				"${PODS_PODFILE_DIR_PATH}/Podfile.lock",
				"${PODS_ROOT}/Manifest.lock",
			);
			name = "[CP] Check Pods Manifest.lock";
			outputPaths = (
				"$(DERIVED_FILE_DIR)/Pods-CalSum-checkManifestLockResult.txt",
			);
			runOnlyForDeploymentPostprocessing = 0;
			shellPath = /bin/sh;
			shellScript = "diff \"${PODS_PODFILE_DIR_PATH}/Podfile.lock\" \"${PODS_ROOT}/Manifest.lock\" > /dev/null\nif [ $? != 0 ] ; then\n    # print error to STDERR\n    echo \"error: The sandbox is not in sync with the Podfile.lock. Run 'pod install' or update your CocoaPods installation.\" >&2\n    exit 1\nfi\n# This output is used by Xcode 'outputs' to avoid re-running this script phase.\necho \"SUCCESS\" > \"${SCRIPT_OUTPUT_FILE_0}\"\n";
			showEnvVarsInLog = 0;
		};
		D1725D6C2CA5A9F2514905AE /* [CP] Copy Pods Resources */ = {
			isa = PBXShellScriptBuildPhase;
			buildActionMask = 2147483647;
			files = (
			);
			inputPaths = (
			);
			name = "[CP] Copy Pods Resources";
			outputPaths = (
			);
			runOnlyForDeploymentPostprocessing = 0;
			shellPath = /bin/sh;
			shellScript = "\"${SRCROOT}/Pods/Target Support Files/Pods-CalSum/Pods-CalSum-resources.sh\"\n";
			showEnvVarsInLog = 0;
		};
/* End PBXShellScriptBuildPhase section */

/* Begin PBXSourcesBuildPhase section */
		27C849E91FC87B3200B84DC4 /* Sources */ = {
			isa = PBXSourcesBuildPhase;
			buildActionMask = 2147483647;
			files = (
				271A80211FC9B60C00C2BF34 /* AddGoalViewController.swift in Sources */,
				27C849F31FC87B3200B84DC4 /* ViewController.swift in Sources */,
				27C849F11FC87B3200B84DC4 /* AppDelegate.swift in Sources */,
				27C849F91FC87B3200B84DC4 /* CalSum.xcdatamodeld in Sources */,
				271A802C1FC9E79900C2BF34 /* Settings.swift in Sources */,
				271C39A31FC9980300723C14 /* UITableViewController.swift in Sources */,
				272FD9321FC9B13100AE39D4 /* GoalsTableViewCell.swift in Sources */,
				27C84A121FC8E25200B84DC4 /* Calendar.swift in Sources */,
				271A802A1FC9E6D900C2BF34 /* Constants.swift in Sources */,
				27C84A0A1FC87D0E00B84DC4 /* CalendarTableViewCell.swift in Sources */,
				27C84A0D1FC8918600B84DC4 /* GoalsTableViewController.swift in Sources */,
				27C84A081FC87CB300B84DC4 /* CalendarsTableViewController.swift in Sources */,
				271C39A61FC99D6600723C14 /* CoreDataManager.swift in Sources */,
				271A80261FC9CD7100C2BF34 /* SettingsViewController.swift in Sources */,
			);
			runOnlyForDeploymentPostprocessing = 0;
		};
/* End PBXSourcesBuildPhase section */

/* Begin PBXVariantGroup section */
		27C849F41FC87B3200B84DC4 /* Main.storyboard */ = {
			isa = PBXVariantGroup;
			children = (
				27C849F51FC87B3200B84DC4 /* Base */,
			);
			name = Main.storyboard;
			sourceTree = "<group>";
		};
		27C849FC1FC87B3200B84DC4 /* LaunchScreen.storyboard */ = {
			isa = PBXVariantGroup;
			children = (
				27C849FD1FC87B3200B84DC4 /* Base */,
			);
			name = LaunchScreen.storyboard;
			sourceTree = "<group>";
		};
/* End PBXVariantGroup section */

/* Begin XCBuildConfiguration section */
		27C84A001FC87B3200B84DC4 /* Debug */ = {
			isa = XCBuildConfiguration;
			buildSettings = {
				ALWAYS_SEARCH_USER_PATHS = NO;
				CLANG_ANALYZER_NONNULL = YES;
				CLANG_ANALYZER_NUMBER_OBJECT_CONVERSION = YES_AGGRESSIVE;
				CLANG_CXX_LANGUAGE_STANDARD = "gnu++14";
				CLANG_CXX_LIBRARY = "libc++";
				CLANG_ENABLE_MODULES = YES;
				CLANG_ENABLE_OBJC_ARC = YES;
				CLANG_WARN_BLOCK_CAPTURE_AUTORELEASING = YES;
				CLANG_WARN_BOOL_CONVERSION = YES;
				CLANG_WARN_COMMA = YES;
				CLANG_WARN_CONSTANT_CONVERSION = YES;
				CLANG_WARN_DIRECT_OBJC_ISA_USAGE = YES_ERROR;
				CLANG_WARN_DOCUMENTATION_COMMENTS = YES;
				CLANG_WARN_EMPTY_BODY = YES;
				CLANG_WARN_ENUM_CONVERSION = YES;
				CLANG_WARN_INFINITE_RECURSION = YES;
				CLANG_WARN_INT_CONVERSION = YES;
				CLANG_WARN_NON_LITERAL_NULL_CONVERSION = YES;
				CLANG_WARN_OBJC_LITERAL_CONVERSION = YES;
				CLANG_WARN_OBJC_ROOT_CLASS = YES_ERROR;
				CLANG_WARN_RANGE_LOOP_ANALYSIS = YES;
				CLANG_WARN_STRICT_PROTOTYPES = YES;
				CLANG_WARN_SUSPICIOUS_MOVE = YES;
				CLANG_WARN_UNGUARDED_AVAILABILITY = YES_AGGRESSIVE;
				CLANG_WARN_UNREACHABLE_CODE = YES;
				CLANG_WARN__DUPLICATE_METHOD_MATCH = YES;
				CODE_SIGN_IDENTITY = "iPhone Developer";
				COPY_PHASE_STRIP = NO;
				DEBUG_INFORMATION_FORMAT = dwarf;
				ENABLE_STRICT_OBJC_MSGSEND = YES;
				ENABLE_TESTABILITY = YES;
				GCC_C_LANGUAGE_STANDARD = gnu11;
				GCC_DYNAMIC_NO_PIC = NO;
				GCC_NO_COMMON_BLOCKS = YES;
				GCC_OPTIMIZATION_LEVEL = 0;
				GCC_PREPROCESSOR_DEFINITIONS = (
					"DEBUG=1",
					"$(inherited)",
				);
				GCC_WARN_64_TO_32_BIT_CONVERSION = YES;
				GCC_WARN_ABOUT_RETURN_TYPE = YES_ERROR;
				GCC_WARN_UNDECLARED_SELECTOR = YES;
				GCC_WARN_UNINITIALIZED_AUTOS = YES_AGGRESSIVE;
				GCC_WARN_UNUSED_FUNCTION = YES;
				GCC_WARN_UNUSED_VARIABLE = YES;
				IPHONEOS_DEPLOYMENT_TARGET = 11.1;
				MTL_ENABLE_DEBUG_INFO = YES;
				ONLY_ACTIVE_ARCH = YES;
				SDKROOT = iphoneos;
				SWIFT_ACTIVE_COMPILATION_CONDITIONS = DEBUG;
				SWIFT_OPTIMIZATION_LEVEL = "-Onone";
			};
			name = Debug;
		};
		27C84A011FC87B3200B84DC4 /* Release */ = {
			isa = XCBuildConfiguration;
			buildSettings = {
				ALWAYS_SEARCH_USER_PATHS = NO;
				CLANG_ANALYZER_NONNULL = YES;
				CLANG_ANALYZER_NUMBER_OBJECT_CONVERSION = YES_AGGRESSIVE;
				CLANG_CXX_LANGUAGE_STANDARD = "gnu++14";
				CLANG_CXX_LIBRARY = "libc++";
				CLANG_ENABLE_MODULES = YES;
				CLANG_ENABLE_OBJC_ARC = YES;
				CLANG_WARN_BLOCK_CAPTURE_AUTORELEASING = YES;
				CLANG_WARN_BOOL_CONVERSION = YES;
				CLANG_WARN_COMMA = YES;
				CLANG_WARN_CONSTANT_CONVERSION = YES;
				CLANG_WARN_DIRECT_OBJC_ISA_USAGE = YES_ERROR;
				CLANG_WARN_DOCUMENTATION_COMMENTS = YES;
				CLANG_WARN_EMPTY_BODY = YES;
				CLANG_WARN_ENUM_CONVERSION = YES;
				CLANG_WARN_INFINITE_RECURSION = YES;
				CLANG_WARN_INT_CONVERSION = YES;
				CLANG_WARN_NON_LITERAL_NULL_CONVERSION = YES;
				CLANG_WARN_OBJC_LITERAL_CONVERSION = YES;
				CLANG_WARN_OBJC_ROOT_CLASS = YES_ERROR;
				CLANG_WARN_RANGE_LOOP_ANALYSIS = YES;
				CLANG_WARN_STRICT_PROTOTYPES = YES;
				CLANG_WARN_SUSPICIOUS_MOVE = YES;
				CLANG_WARN_UNGUARDED_AVAILABILITY = YES_AGGRESSIVE;
				CLANG_WARN_UNREACHABLE_CODE = YES;
				CLANG_WARN__DUPLICATE_METHOD_MATCH = YES;
				CODE_SIGN_IDENTITY = "iPhone Developer";
				COPY_PHASE_STRIP = NO;
				DEBUG_INFORMATION_FORMAT = "dwarf-with-dsym";
				ENABLE_NS_ASSERTIONS = NO;
				ENABLE_STRICT_OBJC_MSGSEND = YES;
				GCC_C_LANGUAGE_STANDARD = gnu11;
				GCC_NO_COMMON_BLOCKS = YES;
				GCC_WARN_64_TO_32_BIT_CONVERSION = YES;
				GCC_WARN_ABOUT_RETURN_TYPE = YES_ERROR;
				GCC_WARN_UNDECLARED_SELECTOR = YES;
				GCC_WARN_UNINITIALIZED_AUTOS = YES_AGGRESSIVE;
				GCC_WARN_UNUSED_FUNCTION = YES;
				GCC_WARN_UNUSED_VARIABLE = YES;
				IPHONEOS_DEPLOYMENT_TARGET = 11.1;
				MTL_ENABLE_DEBUG_INFO = NO;
				SDKROOT = iphoneos;
				SWIFT_OPTIMIZATION_LEVEL = "-Owholemodule";
				VALIDATE_PRODUCT = YES;
			};
			name = Release;
		};
		27C84A031FC87B3200B84DC4 /* Debug */ = {
			isa = XCBuildConfiguration;
			baseConfigurationReference = A8B6BF00B75A9A53C8B8A436 /* Pods-CalSum.debug.xcconfig */;
			buildSettings = {
				ASSETCATALOG_COMPILER_APPICON_NAME = AppIcon;
				CODE_SIGN_STYLE = Automatic;
				DEVELOPMENT_TEAM = C8466875AK;
				INFOPLIST_FILE = CalSum/Info.plist;
				LD_RUNPATH_SEARCH_PATHS = "$(inherited) @executable_path/Frameworks";
				PRODUCT_BUNDLE_IDENTIFIER = com.iMunro.CalSum;
				PRODUCT_NAME = "$(TARGET_NAME)";
				SWIFT_VERSION = 4.0;
				TARGETED_DEVICE_FAMILY = "1,2";
			};
			name = Debug;
		};
		27C84A041FC87B3200B84DC4 /* Release */ = {
			isa = XCBuildConfiguration;
			baseConfigurationReference = A9CD9C25041735BC6A8F8B82 /* Pods-CalSum.release.xcconfig */;
			buildSettings = {
				ASSETCATALOG_COMPILER_APPICON_NAME = AppIcon;
				CODE_SIGN_STYLE = Automatic;
				DEVELOPMENT_TEAM = C8466875AK;
				INFOPLIST_FILE = CalSum/Info.plist;
				LD_RUNPATH_SEARCH_PATHS = "$(inherited) @executable_path/Frameworks";
				PRODUCT_BUNDLE_IDENTIFIER = com.iMunro.CalSum;
				PRODUCT_NAME = "$(TARGET_NAME)";
				SWIFT_VERSION = 4.0;
				TARGETED_DEVICE_FAMILY = "1,2";
			};
			name = Release;
		};
/* End XCBuildConfiguration section */

/* Begin XCConfigurationList section */
		27C849E81FC87B3200B84DC4 /* Build configuration list for PBXProject "CalSum" */ = {
			isa = XCConfigurationList;
			buildConfigurations = (
				27C84A001FC87B3200B84DC4 /* Debug */,
				27C84A011FC87B3200B84DC4 /* Release */,
			);
			defaultConfigurationIsVisible = 0;
			defaultConfigurationName = Release;
		};
		27C84A021FC87B3200B84DC4 /* Build configuration list for PBXNativeTarget "CalSum" */ = {
			isa = XCConfigurationList;
			buildConfigurations = (
				27C84A031FC87B3200B84DC4 /* Debug */,
				27C84A041FC87B3200B84DC4 /* Release */,
			);
			defaultConfigurationIsVisible = 0;
			defaultConfigurationName = Release;
		};
/* End XCConfigurationList section */

/* Begin XCVersionGroup section */
		27C849F71FC87B3200B84DC4 /* CalSum.xcdatamodeld */ = {
			isa = XCVersionGroup;
			children = (
				27C849F81FC87B3200B84DC4 /* CalSum.xcdatamodel */,
			);
			currentVersion = 27C849F81FC87B3200B84DC4 /* CalSum.xcdatamodel */;
			path = CalSum.xcdatamodeld;
			sourceTree = "<group>";
			versionGroupType = wrapper.xcdatamodel;
		};
/* End XCVersionGroup section */
	};
	rootObject = 27C849E51FC87B3200B84DC4 /* Project object */;
}
